
Microsoft Visual Studio Solution File, Format Version 12.00
# Visual Studio Version 17
VisualStudioVersion = 17.11.35222.181
MinimumVisualStudioVersion = 10.0.40219.1
Project("{9A19103F-16F7-4668-BE54-9A1E7A4F7556}") = "API", "API\API.csproj", "{3FC16B56-3B87-4AEC-A9BD-E7E9BFB3250B}"
EndProject
Project("{9A19103F-16F7-4668-BE54-9A1E7A4F7556}") = "Application", "Application\Application.csproj", "{F6F02560-E92B-459E-B247-FEFB839B22CE}"
EndProject
Project("{9A19103F-16F7-4668-BE54-9A1E7A4F7556}") = "Infra", "Infra\Infra.csproj", "{14A3A3D4-37C2-4345-9B4F-16424024602B}"
EndProject
Project("{9A19103F-16F7-4668-BE54-9A1E7A4F7556}") = "Domain", "Domain\Domain.csproj", "{4B7AB8A5-C494-4819-86AB-A0F0E7817161}"
EndProject
Project("{2150E333-8FDC-42A3-9474-1A3956D46DE8}") = "Tests", "Tests", "{D05A4E50-4A10-40CF-9396-082772F1A6B6}"
EndProject
Project("{FAE04EC0-301F-11D3-BF4B-00C04F79EFBC}") = "Tests.Unit", "Tests.Unit\Tests.Unit.csproj", "{5DE27CC6-57AC-491B-BB9D-C2E156EE3802}"
EndProject
Global
	GlobalSection(SolutionConfigurationPlatforms) = preSolution
		Debug|Any CPU = Debug|Any CPU
		Release|Any CPU = Release|Any CPU
	EndGlobalSection
	GlobalSection(ProjectConfigurationPlatforms) = postSolution
		{3FC16B56-3B87-4AEC-A9BD-E7E9BFB3250B}.Debug|Any CPU.ActiveCfg = Debug|Any CPU
		{3FC16B56-3B87-4AEC-A9BD-E7E9BFB3250B}.Debug|Any CPU.Build.0 = Debug|Any CPU
		{3FC16B56-3B87-4AEC-A9BD-E7E9BFB3250B}.Release|Any CPU.ActiveCfg = Release|Any CPU
		{3FC16B56-3B87-4AEC-A9BD-E7E9BFB3250B}.Release|Any CPU.Build.0 = Release|Any CPU
		{F6F02560-E92B-459E-B247-FEFB839B22CE}.Debug|Any CPU.ActiveCfg = Debug|Any CPU
		{F6F02560-E92B-459E-B247-FEFB839B22CE}.Debug|Any CPU.Build.0 = Debug|Any CPU
		{F6F02560-E92B-459E-B247-FEFB839B22CE}.Release|Any CPU.ActiveCfg = Release|Any CPU
		{F6F02560-E92B-459E-B247-FEFB839B22CE}.Release|Any CPU.Build.0 = Release|Any CPU
		{14A3A3D4-37C2-4345-9B4F-16424024602B}.Debug|Any CPU.ActiveCfg = Debug|Any CPU
		{14A3A3D4-37C2-4345-9B4F-16424024602B}.Debug|Any CPU.Build.0 = Debug|Any CPU
		{14A3A3D4-37C2-4345-9B4F-16424024602B}.Release|Any CPU.ActiveCfg = Release|Any CPU
		{14A3A3D4-37C2-4345-9B4F-16424024602B}.Release|Any CPU.Build.0 = Release|Any CPU
		{4B7AB8A5-C494-4819-86AB-A0F0E7817161}.Debug|Any CPU.ActiveCfg = Debug|Any CPU
		{4B7AB8A5-C494-4819-86AB-A0F0E7817161}.Debug|Any CPU.Build.0 = Debug|Any CPU
		{4B7AB8A5-C494-4819-86AB-A0F0E7817161}.Release|Any CPU.ActiveCfg = Release|Any CPU
		{4B7AB8A5-C494-4819-86AB-A0F0E7817161}.Release|Any CPU.Build.0 = Release|Any CPU
		{5DE27CC6-57AC-491B-BB9D-C2E156EE3802}.Debug|Any CPU.ActiveCfg = Debug|Any CPU
		{5DE27CC6-57AC-491B-BB9D-C2E156EE3802}.Debug|Any CPU.Build.0 = Debug|Any CPU
		{5DE27CC6-57AC-491B-BB9D-C2E156EE3802}.Release|Any CPU.ActiveCfg = Release|Any CPU
		{5DE27CC6-57AC-491B-BB9D-C2E156EE3802}.Release|Any CPU.Build.0 = Release|Any CPU
	EndGlobalSection
	GlobalSection(SolutionProperties) = preSolution
		HideSolutionNode = FALSE
	EndGlobalSection
	GlobalSection(NestedProjects) = preSolution
		{5DE27CC6-57AC-491B-BB9D-C2E156EE3802} = {D05A4E50-4A10-40CF-9396-082772F1A6B6}
	EndGlobalSection
	GlobalSection(ExtensibilityGlobals) = postSolution
		SolutionGuid = {30F0DA6F-6529-4CCB-911F-7F7E12741C3F}
	EndGlobalSection
EndGlobal
